
Microsoft Visual Studio Solution File, Format Version 12.00
# Visual Studio 15
VisualStudioVersion = 15.0.26430.12
MinimumVisualStudioVersion = 10.0.40219.1
Project("{FAE04EC0-301F-11D3-BF4B-00C04F79EFBC}") = "Cmdlet-AssemblyInfo", "Cmdlet-AssemblyInfo\Cmdlet-AssemblyInfo.csproj", "{8CBCB50C-BA04-4553-AA1A-26C1B1AB21FC}"
EndProject
Project("{FAE04EC0-301F-11D3-BF4B-00C04F79EFBC}") = "Tests", "Tests\Tests.csproj", "{4253AAB8-F0C7-430B-8095-D884D6643B24}"
EndProject
Global
	GlobalSection(SolutionConfigurationPlatforms) = preSolution
		Debug|Any CPU = Debug|Any CPU
		Release|Any CPU = Release|Any CPU
	EndGlobalSection
	GlobalSection(ProjectConfigurationPlatforms) = postSolution
		{8CBCB50C-BA04-4553-AA1A-26C1B1AB21FC}.Debug|Any CPU.ActiveCfg = Debug|Any CPU
		{8CBCB50C-BA04-4553-AA1A-26C1B1AB21FC}.Debug|Any CPU.Build.0 = Debug|Any CPU
		{8CBCB50C-BA04-4553-AA1A-26C1B1AB21FC}.Release|Any CPU.ActiveCfg = Release|Any CPU
		{8CBCB50C-BA04-4553-AA1A-26C1B1AB21FC}.Release|Any CPU.Build.0 = Release|Any CPU
		{4253AAB8-F0C7-430B-8095-D884D6643B24}.Debug|Any CPU.ActiveCfg = Debug|Any CPU
		{4253AAB8-F0C7-430B-8095-D884D6643B24}.Debug|Any CPU.Build.0 = Debug|Any CPU
		{4253AAB8-F0C7-430B-8095-D884D6643B24}.Release|Any CPU.ActiveCfg = Release|Any CPU
		{4253AAB8-F0C7-430B-8095-D884D6643B24}.Release|Any CPU.Build.0 = Release|Any CPU
	EndGlobalSection
	GlobalSection(SolutionProperties) = preSolution
		HideSolutionNode = FALSE
	EndGlobalSection
EndGlobal
